
Microsoft Visual Studio Solution File, Format Version 12.00
# Visual Studio Version 16
VisualStudioVersion = 16.0.30517.126
MinimumVisualStudioVersion = 10.0.40219.1
Project("{9A19103F-16F7-4668-BE54-9A1E7A4F7556}") = "TravelClubProto", "TravelClubProto.csproj", "{F5BE9C45-BD6A-4956-A4E3-650E2434A33F}"
EndProject
Global
	GlobalSection(SolutionConfigurationPlatforms) = preSolution
		Debug|Any CPU = Debug|Any CPU
		Release|Any CPU = Release|Any CPU
	EndGlobalSection
	GlobalSection(ProjectConfigurationPlatforms) = postSolution
		{F5BE9C45-BD6A-4956-A4E3-650E2434A33F}.Debug|Any CPU.ActiveCfg = Debug|Any CPU
		{F5BE9C45-BD6A-4956-A4E3-650E2434A33F}.Debug|Any CPU.Build.0 = Debug|Any CPU
		{F5BE9C45-BD6A-4956-A4E3-650E2434A33F}.Release|Any CPU.ActiveCfg = Release|Any CPU
		{F5BE9C45-BD6A-4956-A4E3-650E2434A33F}.Release|Any CPU.Build.0 = Release|Any CPU
	EndGlobalSection
	GlobalSection(SolutionProperties) = preSolution
		HideSolutionNode = FALSE
	EndGlobalSection
	GlobalSection(ExtensibilityGlobals) = postSolution
		SolutionGuid = {87BF1E3A-26F7-467B-A620-5F98A299E4F8}
	EndGlobalSection
EndGlobal
